
Microsoft Visual Studio Solution File, Format Version 12.00
# Visual Studio Version 17
VisualStudioVersion = 17.11.35208.52
MinimumVisualStudioVersion = 10.0.40219.1
Project("{FAE04EC0-301F-11D3-BF4B-00C04F79EFBC}") = "MiPrimerHolaMundo", "MiPrimerHolaMundo\MiPrimerHolaMundo.csproj", "{93916C12-C8ED-41AC-8EE7-6EBC1653209B}"
EndProject
Global
	GlobalSection(SolutionConfigurationPlatforms) = preSolution
		Debug|Any CPU = Debug|Any CPU
		Release|Any CPU = Release|Any CPU
	EndGlobalSection
	GlobalSection(ProjectConfigurationPlatforms) = postSolution
		{93916C12-C8ED-41AC-8EE7-6EBC1653209B}.Debug|Any CPU.ActiveCfg = Debug|Any CPU
		{93916C12-C8ED-41AC-8EE7-6EBC1653209B}.Debug|Any CPU.Build.0 = Debug|Any CPU
		{93916C12-C8ED-41AC-8EE7-6EBC1653209B}.Release|Any CPU.ActiveCfg = Release|Any CPU
		{93916C12-C8ED-41AC-8EE7-6EBC1653209B}.Release|Any CPU.Build.0 = Release|Any CPU
	EndGlobalSection
	GlobalSection(SolutionProperties) = preSolution
		HideSolutionNode = FALSE
	EndGlobalSection
	GlobalSection(ExtensibilityGlobals) = postSolution
		SolutionGuid = {E516B85A-A92B-451A-8873-88225B1E9F5D}
	EndGlobalSection
EndGlobal
